// !$*UTF8*$!
{
	archiveVersion = 1;
	classes = {
	};
	objectVersion = 50;
	objects = {

/* Begin PBXBuildFile section */
		6FF7092323BC09C8004F1697 /* AppDelegate.m in Sources */ = {isa = PBXBuildFile; fileRef = 6FF7092223BC09C8004F1697 /* AppDelegate.m */; };
		6FF7092623BC09C8004F1697 /* SceneDelegate.m in Sources */ = {isa = PBXBuildFile; fileRef = 6FF7092523BC09C8004F1697 /* SceneDelegate.m */; };
		6FF7092923BC09C8004F1697 /* ViewController.m in Sources */ = {isa = PBXBuildFile; fileRef = 6FF7092823BC09C8004F1697 /* ViewController.m */; };
		6FF7092C23BC09C8004F1697 /* Main.storyboard in Resources */ = {isa = PBXBuildFile; fileRef = 6FF7092A23BC09C8004F1697 /* Main.storyboard */; };
		6FF7092E23BC09CE004F1697 /* Assets.xcassets in Resources */ = {isa = PBXBuildFile; fileRef = 6FF7092D23BC09CE004F1697 /* Assets.xcassets */; };
		6FF7093123BC09CE004F1697 /* LaunchScreen.storyboard in Resources */ = {isa = PBXBuildFile; fileRef = 6FF7092F23BC09CE004F1697 /* LaunchScreen.storyboard */; };
		6FF7093423BC09CE004F1697 /* main.m in Sources */ = {isa = PBXBuildFile; fileRef = 6FF7093323BC09CE004F1697 /* main.m */; };
		6FF7093C23BC09E3004F1697 /* ASObject.m in Sources */ = {isa = PBXBuildFile; fileRef = 6FF7093B23BC09E3004F1697 /* ASObject.m */; };
/* End PBXBuildFile section */

/* Begin PBXFileReference section */
		6FF7091E23BC09C8004F1697 /* ParametrsTest.app */ = {isa = PBXFileReference; explicitFileType = wrapper.application; includeInIndex = 0; path = ParametrsTest.app; sourceTree = BUILT_PRODUCTS_DIR; };
		6FF7092123BC09C8004F1697 /* AppDelegate.h */ = {isa = PBXFileReference; lastKnownFileType = sourcecode.c.h; path = AppDelegate.h; sourceTree = "<group>"; };
		6FF7092223BC09C8004F1697 /* AppDelegate.m */ = {isa = PBXFileReference; lastKnownFileType = sourcecode.c.objc; path = AppDelegate.m; sourceTree = "<group>"; };
		6FF7092423BC09C8004F1697 /* SceneDelegate.h */ = {isa = PBXFileReference; lastKnownFileType = sourcecode.c.h; path = SceneDelegate.h; sourceTree = "<group>"; };
		6FF7092523BC09C8004F1697 /* SceneDelegate.m */ = {isa = PBXFileReference; lastKnownFileType = sourcecode.c.objc; path = SceneDelegate.m; sourceTree = "<group>"; };
		6FF7092723BC09C8004F1697 /* ViewController.h */ = {isa = PBXFileReference; lastKnownFileType = sourcecode.c.h; path = ViewController.h; sourceTree = "<group>"; };
		6FF7092823BC09C8004F1697 /* ViewController.m */ = {isa = PBXFileReference; lastKnownFileType = sourcecode.c.objc; path = ViewController.m; sourceTree = "<group>"; };
		6FF7092B23BC09C8004F1697 /* Base */ = {isa = PBXFileReference; lastKnownFileType = file.storyboard; name = Base; path = Base.lproj/Main.storyboard; sourceTree = "<group>"; };
		6FF7092D23BC09CE004F1697 /* Assets.xcassets */ = {isa = PBXFileReference; lastKnownFileType = folder.assetcatalog; path = Assets.xcassets; sourceTree = "<group>"; };
		6FF7093023BC09CE004F1697 /* Base */ = {isa = PBXFileReference; lastKnownFileType = file.storyboard; name = Base; path = Base.lproj/LaunchScreen.storyboard; sourceTree = "<group>"; };
		6FF7093223BC09CE004F1697 /* Info.plist */ = {isa = PBXFileReference; lastKnownFileType = text.plist.xml; path = Info.plist; sourceTree = "<group>"; };
		6FF7093323BC09CE004F1697 /* main.m */ = {isa = PBXFileReference; lastKnownFileType = sourcecode.c.objc; path = main.m; sourceTree = "<group>"; };
		6FF7093A23BC09E3004F1697 /* ASObject.h */ = {isa = PBXFileReference; lastKnownFileType = sourcecode.c.h; path = ASObject.h; sourceTree = "<group>"; };
		6FF7093B23BC09E3004F1697 /* ASObject.m */ = {isa = PBXFileReference; lastKnownFileType = sourcecode.c.objc; path = ASObject.m; sourceTree = "<group>"; };
/* End PBXFileReference section */

/* Begin PBXFrameworksBuildPhase section */
		6FF7091B23BC09C8004F1697 /* Frameworks */ = {
			isa = PBXFrameworksBuildPhase;
			buildActionMask = 2147483647;
			files = (
			);
			runOnlyForDeploymentPostprocessing = 0;
		};
/* End PBXFrameworksBuildPhase section */

/* Begin PBXGroup section */
		6FF7091523BC09C7004F1697 = {
			isa = PBXGroup;
			children = (
				6FF7092023BC09C8004F1697 /* ParametrsTest */,
				6FF7091F23BC09C8004F1697 /* Products */,
			);
			sourceTree = "<group>";
		};
		6FF7091F23BC09C8004F1697 /* Products */ = {
			isa = PBXGroup;
			children = (
				6FF7091E23BC09C8004F1697 /* ParametrsTest.app */,
			);
			name = Products;
			sourceTree = "<group>";
		};
		6FF7092023BC09C8004F1697 /* ParametrsTest */ = {
			isa = PBXGroup;
			children = (
				6FF7093A23BC09E3004F1697 /* ASObject.h */,
				6FF7093B23BC09E3004F1697 /* ASObject.m */,
				6FF7092123BC09C8004F1697 /* AppDelegate.h */,
				6FF7092223BC09C8004F1697 /* AppDelegate.m */,
				6FF7092423BC09C8004F1697 /* SceneDelegate.h */,
				6FF7092523BC09C8004F1697 /* SceneDelegate.m */,
				6FF7092723BC09C8004F1697 /* ViewController.h */,
				6FF7092823BC09C8004F1697 /* ViewController.m */,
				6FF7092A23BC09C8004F1697 /* Main.storyboard */,
				6FF7092D23BC09CE004F1697 /* Assets.xcassets */,
				6FF7092F23BC09CE004F1697 /* LaunchScreen.storyboard */,
				6FF7093223BC09CE004F1697 /* Info.plist */,
				6FF7093323BC09CE004F1697 /* main.m */,
			);
			path = ParametrsTest;
			sourceTree = "<group>";
		};
/* End PBXGroup section */

/* Begin PBXNativeTarget section */
		6FF7091D23BC09C8004F1697 /* ParametrsTest */ = {
			isa = PBXNativeTarget;
			buildConfigurationList = 6FF7093723BC09CE004F1697 /* Build configuration list for PBXNativeTarget "ParametrsTest" */;
			buildPhases = (
				6FF7091A23BC09C8004F1697 /* Sources */,
				6FF7091B23BC09C8004F1697 /* Frameworks */,
				6FF7091C23BC09C8004F1697 /* Resources */,
			);
			buildRules = (
			);
			dependencies = (
			);
			name = ParametrsTest;
			productName = ParametrsTest;
			productReference = 6FF7091E23BC09C8004F1697 /* ParametrsTest.app */;
			productType = "com.apple.product-type.application";
		};
/* End PBXNativeTarget section */

/* Begin PBXProject section */
		6FF7091623BC09C8004F1697 /* Project object */ = {
			isa = PBXProject;
			attributes = {
				LastUpgradeCheck = 1130;
				ORGANIZATIONNAME = "Michael Sidoruk";
				TargetAttributes = {
					6FF7091D23BC09C8004F1697 = {
						CreatedOnToolsVersion = 11.3;
					};
				};
			};
			buildConfigurationList = 6FF7091923BC09C8004F1697 /* Build configuration list for PBXProject "ParametrsTest" */;
			compatibilityVersion = "Xcode 9.3";
			developmentRegion = en;
			hasScannedForEncodings = 0;
			knownRegions = (
				en,
				Base,
			);
			mainGroup = 6FF7091523BC09C7004F1697;
			productRefGroup = 6FF7091F23BC09C8004F1697 /* Products */;
			projectDirPath = "";
			projectRoot = "";
			targets = (
				6FF7091D23BC09C8004F1697 /* ParametrsTest */,
			);
		};
/* End PBXProject section */

/* Begin PBXResourcesBuildPhase section */
		6FF7091C23BC09C8004F1697 /* Resources */ = {
			isa = PBXResourcesBuildPhase;
			buildActionMask = 2147483647;
			files = (
				6FF7093123BC09CE004F1697 /* LaunchScreen.storyboard in Resources */,
				6FF7092E23BC09CE004F1697 /* Assets.xcassets in Resources */,
				6FF7092C23BC09C8004F1697 /* Main.storyboard in Resources */,
			);
			runOnlyForDeploymentPostprocessing = 0;
		};
/* End PBXResourcesBuildPhase section */

/* Begin PBXSourcesBuildPhase section */
		6FF7091A23BC09C8004F1697 /* Sources */ = {
			isa = PBXSourcesBuildPhase;
			buildActionMask = 2147483647;
			files = (
				6FF7092923BC09C8004F1697 /* ViewController.m in Sources */,
				6FF7092323BC09C8004F1697 /* AppDelegate.m in Sources */,
				6FF7093423BC09CE004F1697 /* main.m in Sources */,
				6FF7092623BC09C8004F1697 /* SceneDelegate.m in Sources */,
				6FF7093C23BC09E3004F1697 /* ASObject.m in Sources */,
			);
			runOnlyForDeploymentPostprocessing = 0;
		};
/* End PBXSourcesBuildPhase section */

/* Begin PBXVariantGroup section */
		6FF7092A23BC09C8004F1697 /* Main.storyboard */ = {
			isa = PBXVariantGroup;
			children = (
				6FF7092B23BC09C8004F1697 /* Base */,
			);
			name = Main.storyboard;
			sourceTree = "<group>";
		};
		6FF7092F23BC09CE004F1697 /* LaunchScreen.storyboard */ = {
			isa = PBXVariantGroup;
			children = (
				6FF7093023BC09CE004F1697 /* Base */,
			);
			name = LaunchScreen.storyboard;
			sourceTree = "<group>";
		};
/* End PBXVariantGroup section */

/* Begin XCBuildConfiguration section */
		6FF7093523BC09CE004F1697 /* Debug */ = {
			isa = XCBuildConfiguration;
			buildSettings = {
				ALWAYS_SEARCH_USER_PATHS = NO;
				CLANG_ANALYZER_NONNULL = YES;
				CLANG_ANALYZER_NUMBER_OBJECT_CONVERSION = YES_AGGRESSIVE;
				CLANG_CXX_LANGUAGE_STANDARD = "gnu++14";
				CLANG_CXX_LIBRARY = "libc++";
				CLANG_ENABLE_MODULES = YES;
				CLANG_ENABLE_OBJC_ARC = YES;
				CLANG_ENABLE_OBJC_WEAK = YES;
				CLANG_WARN_BLOCK_CAPTURE_AUTORELEASING = YES;
				CLANG_WARN_BOOL_CONVERSION = YES;
				CLANG_WARN_COMMA = YES;
				CLANG_WARN_CONSTANT_CONVERSION = YES;
				CLANG_WARN_DEPRECATED_OBJC_IMPLEMENTATIONS = YES;
				CLANG_WARN_DIRECT_OBJC_ISA_USAGE = YES_ERROR;
				CLANG_WARN_DOCUMENTATION_COMMENTS = YES;
				CLANG_WARN_EMPTY_BODY = YES;
				CLANG_WARN_ENUM_CONVERSION = YES;
				CLANG_WARN_INFINITE_RECURSION = YES;
				CLANG_WARN_INT_CONVERSION = YES;
				CLANG_WARN_NON_LITERAL_NULL_CONVERSION = YES;
				CLANG_WARN_OBJC_IMPLICIT_RETAIN_SELF = YES;
				CLANG_WARN_OBJC_LITERAL_CONVERSION = YES;
				CLANG_WARN_OBJC_ROOT_CLASS = YES_ERROR;
				CLANG_WARN_RANGE_LOOP_ANALYSIS = YES;
				CLANG_WARN_STRICT_PROTOTYPES = YES;
				CLANG_WARN_SUSPICIOUS_MOVE = YES;
				CLANG_WARN_UNGUARDED_AVAILABILITY = YES_AGGRESSIVE;
				CLANG_WARN_UNREACHABLE_CODE = YES;
				CLANG_WARN__DUPLICATE_METHOD_MATCH = YES;
				COPY_PHASE_STRIP = NO;
				DEBUG_INFORMATION_FORMAT = dwarf;
				ENABLE_STRICT_OBJC_MSGSEND = YES;
				ENABLE_TESTABILITY = YES;
				GCC_C_LANGUAGE_STANDARD = gnu11;
				GCC_DYNAMIC_NO_PIC = NO;
				GCC_NO_COMMON_BLOCKS = YES;
				GCC_OPTIMIZATION_LEVEL = 0;
				GCC_PREPROCESSOR_DEFINITIONS = (
					"DEBUG=1",
					"$(inherited)",
				);
				GCC_WARN_64_TO_32_BIT_CONVERSION = YES;
				GCC_WARN_ABOUT_RETURN_TYPE = YES_ERROR;
				GCC_WARN_UNDECLARED_SELECTOR = YES;
				GCC_WARN_UNINITIALIZED_AUTOS = YES_AGGRESSIVE;
				GCC_WARN_UNUSED_FUNCTION = YES;
				GCC_WARN_UNUSED_VARIABLE = YES;
				IPHONEOS_DEPLOYMENT_TARGET = 13.2;
				MTL_ENABLE_DEBUG_INFO = INCLUDE_SOURCE;
				MTL_FAST_MATH = YES;
				ONLY_ACTIVE_ARCH = YES;
				SDKROOT = iphoneos;
			};
			name = Debug;
		};
		6FF7093623BC09CE004F1697 /* Release */ = {
			isa = XCBuildConfiguration;
			buildSettings = {
				ALWAYS_SEARCH_USER_PATHS = NO;
				CLANG_ANALYZER_NONNULL = YES;
				CLANG_ANALYZER_NUMBER_OBJECT_CONVERSION = YES_AGGRESSIVE;
				CLANG_CXX_LANGUAGE_STANDARD = "gnu++14";
				CLANG_CXX_LIBRARY = "libc++";
				CLANG_ENABLE_MODULES = YES;
				CLANG_ENABLE_OBJC_ARC = YES;
				CLANG_ENABLE_OBJC_WEAK = YES;
				CLANG_WARN_BLOCK_CAPTURE_AUTORELEASING = YES;
				CLANG_WARN_BOOL_CONVERSION = YES;
				CLANG_WARN_COMMA = YES;
				CLANG_WARN_CONSTANT_CONVERSION = YES;
				CLANG_WARN_DEPRECATED_OBJC_IMPLEMENTATIONS = YES;
				CLANG_WARN_DIRECT_OBJC_ISA_USAGE = YES_ERROR;
				CLANG_WARN_DOCUMENTATION_COMMENTS = YES;
				CLANG_WARN_EMPTY_BODY = YES;
				CLANG_WARN_ENUM_CONVERSION = YES;
				CLANG_WARN_INFINITE_RECURSION = YES;
				CLANG_WARN_INT_CONVERSION = YES;
				CLANG_WARN_NON_LITERAL_NULL_CONVERSION = YES;
				CLANG_WARN_OBJC_IMPLICIT_RETAIN_SELF = YES;
				CLANG_WARN_OBJC_LITERAL_CONVERSION = YES;
				CLANG_WARN_OBJC_ROOT_CLASS = YES_ERROR;
				CLANG_WARN_RANGE_LOOP_ANALYSIS = YES;
				CLANG_WARN_STRICT_PROTOTYPES = YES;
				CLANG_WARN_SUSPICIOUS_MOVE = YES;
				CLANG_WARN_UNGUARDED_AVAILABILITY = YES_AGGRESSIVE;
				CLANG_WARN_UNREACHABLE_CODE = YES;
				CLANG_WARN__DUPLICATE_METHOD_MATCH = YES;
				COPY_PHASE_STRIP = NO;
				DEBUG_INFORMATION_FORMAT = "dwarf-with-dsym";
				ENABLE_NS_ASSERTIONS = NO;
				ENABLE_STRICT_OBJC_MSGSEND = YES;
				GCC_C_LANGUAGE_STANDARD = gnu11;
				GCC_NO_COMMON_BLOCKS = YES;
				GCC_WARN_64_TO_32_BIT_CONVERSION = YES;
				GCC_WARN_ABOUT_RETURN_TYPE = YES_ERROR;
				GCC_WARN_UNDECLARED_SELECTOR = YES;
				GCC_WARN_UNINITIALIZED_AUTOS = YES_AGGRESSIVE;
				GCC_WARN_UNUSED_FUNCTION = YES;
				GCC_WARN_UNUSED_VARIABLE = YES;
				IPHONEOS_DEPLOYMENT_TARGET = 13.2;
				MTL_ENABLE_DEBUG_INFO = NO;
				MTL_FAST_MATH = YES;
				SDKROOT = iphoneos;
				VALIDATE_PRODUCT = YES;
			};
			name = Release;
		};
		6FF7093823BC09CE004F1697 /* Debug */ = {
			isa = XCBuildConfiguration;
			buildSettings = {
				ASSETCATALOG_COMPILER_APPICON_NAME = AppIcon;
				CODE_SIGN_STYLE = Automatic;
				DEVELOPMENT_TEAM = A9D7992LUJ;
				INFOPLIST_FILE = ParametrsTest/Info.plist;
				LD_RUNPATH_SEARCH_PATHS = (
					"$(inherited)",
					"@executable_path/Frameworks",
				);
				PRODUCT_BUNDLE_IDENTIFIER = jujdu.ParametrsTest;
				PRODUCT_NAME = "$(TARGET_NAME)";
				TARGETED_DEVICE_FAMILY = "1,2";
			};
			name = Debug;
		};
		6FF7093923BC09CE004F1697 /* Release */ = {
			isa = XCBuildConfiguration;
			buildSettings = {
				ASSETCATALOG_COMPILER_APPICON_NAME = AppIcon;
				CODE_SIGN_STYLE = Automatic;
				DEVELOPMENT_TEAM = A9D7992LUJ;
				INFOPLIST_FILE = ParametrsTest/Info.plist;
				LD_RUNPATH_SEARCH_PATHS = (
					"$(inherited)",
					"@executable_path/Frameworks",
				);
				PRODUCT_BUNDLE_IDENTIFIER = jujdu.ParametrsTest;
				PRODUCT_NAME = "$(TARGET_NAME)";
				TARGETED_DEVICE_FAMILY = "1,2";
			};
			name = Release;
		};
/* End XCBuildConfiguration section */

/* Begin XCConfigurationList section */
		6FF7091923BC09C8004F1697 /* Build configuration list for PBXProject "ParametrsTest" */ = {
			isa = XCConfigurationList;
			buildConfigurations = (
				6FF7093523BC09CE004F1697 /* Debug */,
				6FF7093623BC09CE004F1697 /* Release */,
			);
			defaultConfigurationIsVisible = 0;
			defaultConfigurationName = Release;
		};
		6FF7093723BC09CE004F1697 /* Build configuration list for PBXNativeTarget "ParametrsTest" */ = {
			isa = XCConfigurationList;
			buildConfigurations = (
				6FF7093823BC09CE004F1697 /* Debug */,
				6FF7093923BC09CE004F1697 /* Release */,
			);
			defaultConfigurationIsVisible = 0;
			defaultConfigurationName = Release;
		};
/* End XCConfigurationList section */
	};
	rootObject = 6FF7091623BC09C8004F1697 /* Project object */;
}
