// !$*UTF8*$!
{
	archiveVersion = 1;
	classes = {
	};
	objectVersion = 50;
	objects = {

/* Begin PBXBuildFile section */
		6F07658E23CF308F00BCDAD7 /* UIView+UITableViewCell.m in Sources */ = {isa = PBXBuildFile; fileRef = 6F07658D23CF308F00BCDAD7 /* UIView+UITableViewCell.m */; };
		6F4EF57A23CF152A003E3712 /* FileCell.m in Sources */ = {isa = PBXBuildFile; fileRef = 6F4EF57923CF152A003E3712 /* FileCell.m */; };
		6F77337C23CE46270046D86B /* AppDelegate.m in Sources */ = {isa = PBXBuildFile; fileRef = 6F77337B23CE46270046D86B /* AppDelegate.m */; };
		6F77337F23CE46270046D86B /* SceneDelegate.m in Sources */ = {isa = PBXBuildFile; fileRef = 6F77337E23CE46270046D86B /* SceneDelegate.m */; };
		6F77338223CE46270046D86B /* ViewController.m in Sources */ = {isa = PBXBuildFile; fileRef = 6F77338123CE46270046D86B /* ViewController.m */; };
		6F77338523CE46270046D86B /* Main.storyboard in Resources */ = {isa = PBXBuildFile; fileRef = 6F77338323CE46270046D86B /* Main.storyboard */; };
		6F77338723CE462D0046D86B /* Assets.xcassets in Resources */ = {isa = PBXBuildFile; fileRef = 6F77338623CE462D0046D86B /* Assets.xcassets */; };
		6F77338A23CE462D0046D86B /* LaunchScreen.storyboard in Resources */ = {isa = PBXBuildFile; fileRef = 6F77338823CE462D0046D86B /* LaunchScreen.storyboard */; };
		6F77338D23CE462D0046D86B /* main.m in Sources */ = {isa = PBXBuildFile; fileRef = 6F77338C23CE462D0046D86B /* main.m */; };
		6FC3790823CEFF5500681A44 /* DummyViewControllerTableViewController.m in Sources */ = {isa = PBXBuildFile; fileRef = 6FC3790723CEFF5500681A44 /* DummyViewControllerTableViewController.m */; };
		6FC3790C23CF01B700681A44 /* CustomCell.m in Sources */ = {isa = PBXBuildFile; fileRef = 6FC3790A23CF01B700681A44 /* CustomCell.m */; };
		6FC3790D23CF01B700681A44 /* CustomCell.xib in Resources */ = {isa = PBXBuildFile; fileRef = 6FC3790B23CF01B700681A44 /* CustomCell.xib */; };
/* End PBXBuildFile section */

/* Begin PBXFileReference section */
		6F07658C23CF308F00BCDAD7 /* UIView+UITableViewCell.h */ = {isa = PBXFileReference; lastKnownFileType = sourcecode.c.h; path = "UIView+UITableViewCell.h"; sourceTree = "<group>"; };
		6F07658D23CF308F00BCDAD7 /* UIView+UITableViewCell.m */ = {isa = PBXFileReference; lastKnownFileType = sourcecode.c.objc; path = "UIView+UITableViewCell.m"; sourceTree = "<group>"; };
		6F4EF57823CF152A003E3712 /* FileCell.h */ = {isa = PBXFileReference; lastKnownFileType = sourcecode.c.h; path = FileCell.h; sourceTree = "<group>"; };
		6F4EF57923CF152A003E3712 /* FileCell.m */ = {isa = PBXFileReference; lastKnownFileType = sourcecode.c.objc; path = FileCell.m; sourceTree = "<group>"; };
		6F77337723CE46270046D86B /* FileManagerTest.app */ = {isa = PBXFileReference; explicitFileType = wrapper.application; includeInIndex = 0; path = FileManagerTest.app; sourceTree = BUILT_PRODUCTS_DIR; };
		6F77337A23CE46270046D86B /* AppDelegate.h */ = {isa = PBXFileReference; lastKnownFileType = sourcecode.c.h; path = AppDelegate.h; sourceTree = "<group>"; };
		6F77337B23CE46270046D86B /* AppDelegate.m */ = {isa = PBXFileReference; lastKnownFileType = sourcecode.c.objc; path = AppDelegate.m; sourceTree = "<group>"; };
		6F77337D23CE46270046D86B /* SceneDelegate.h */ = {isa = PBXFileReference; lastKnownFileType = sourcecode.c.h; path = SceneDelegate.h; sourceTree = "<group>"; };
		6F77337E23CE46270046D86B /* SceneDelegate.m */ = {isa = PBXFileReference; lastKnownFileType = sourcecode.c.objc; path = SceneDelegate.m; sourceTree = "<group>"; };
		6F77338023CE46270046D86B /* ViewController.h */ = {isa = PBXFileReference; lastKnownFileType = sourcecode.c.h; path = ViewController.h; sourceTree = "<group>"; };
		6F77338123CE46270046D86B /* ViewController.m */ = {isa = PBXFileReference; lastKnownFileType = sourcecode.c.objc; path = ViewController.m; sourceTree = "<group>"; };
		6F77338423CE46270046D86B /* Base */ = {isa = PBXFileReference; lastKnownFileType = file.storyboard; name = Base; path = Base.lproj/Main.storyboard; sourceTree = "<group>"; };
		6F77338623CE462D0046D86B /* Assets.xcassets */ = {isa = PBXFileReference; lastKnownFileType = folder.assetcatalog; path = Assets.xcassets; sourceTree = "<group>"; };
		6F77338923CE462D0046D86B /* Base */ = {isa = PBXFileReference; lastKnownFileType = file.storyboard; name = Base; path = Base.lproj/LaunchScreen.storyboard; sourceTree = "<group>"; };
		6F77338B23CE462D0046D86B /* Info.plist */ = {isa = PBXFileReference; lastKnownFileType = text.plist.xml; path = Info.plist; sourceTree = "<group>"; };
		6F77338C23CE462D0046D86B /* main.m */ = {isa = PBXFileReference; lastKnownFileType = sourcecode.c.objc; path = main.m; sourceTree = "<group>"; };
		6FC3790623CEFF5500681A44 /* DummyViewControllerTableViewController.h */ = {isa = PBXFileReference; lastKnownFileType = sourcecode.c.h; path = DummyViewControllerTableViewController.h; sourceTree = "<group>"; };
		6FC3790723CEFF5500681A44 /* DummyViewControllerTableViewController.m */ = {isa = PBXFileReference; lastKnownFileType = sourcecode.c.objc; path = DummyViewControllerTableViewController.m; sourceTree = "<group>"; };
		6FC3790923CF01B700681A44 /* CustomCell.h */ = {isa = PBXFileReference; lastKnownFileType = sourcecode.c.h; path = CustomCell.h; sourceTree = "<group>"; };
		6FC3790A23CF01B700681A44 /* CustomCell.m */ = {isa = PBXFileReference; lastKnownFileType = sourcecode.c.objc; path = CustomCell.m; sourceTree = "<group>"; };
		6FC3790B23CF01B700681A44 /* CustomCell.xib */ = {isa = PBXFileReference; lastKnownFileType = file.xib; path = CustomCell.xib; sourceTree = "<group>"; };
/* End PBXFileReference section */

/* Begin PBXFrameworksBuildPhase section */
		6F77337423CE46270046D86B /* Frameworks */ = {
			isa = PBXFrameworksBuildPhase;
			buildActionMask = 2147483647;
			files = (
			);
			runOnlyForDeploymentPostprocessing = 0;
		};
/* End PBXFrameworksBuildPhase section */

/* Begin PBXGroup section */
		6F4EF57B23CF152E003E3712 /* Cells */ = {
			isa = PBXGroup;
			children = (
				6F4EF57823CF152A003E3712 /* FileCell.h */,
				6F4EF57923CF152A003E3712 /* FileCell.m */,
			);
			path = Cells;
			sourceTree = "<group>";
		};
		6F77336E23CE46270046D86B = {
			isa = PBXGroup;
			children = (
				6F77337923CE46270046D86B /* FileManagerTest */,
				6F77337823CE46270046D86B /* Products */,
			);
			sourceTree = "<group>";
		};
		6F77337823CE46270046D86B /* Products */ = {
			isa = PBXGroup;
			children = (
				6F77337723CE46270046D86B /* FileManagerTest.app */,
			);
			name = Products;
			sourceTree = "<group>";
		};
		6F77337923CE46270046D86B /* FileManagerTest */ = {
			isa = PBXGroup;
			children = (
				6F77337A23CE46270046D86B /* AppDelegate.h */,
				6F77337B23CE46270046D86B /* AppDelegate.m */,
				6F77337D23CE46270046D86B /* SceneDelegate.h */,
				6F77337E23CE46270046D86B /* SceneDelegate.m */,
				6F77338023CE46270046D86B /* ViewController.h */,
				6F77338123CE46270046D86B /* ViewController.m */,
				6FC3790623CEFF5500681A44 /* DummyViewControllerTableViewController.h */,
				6FC3790723CEFF5500681A44 /* DummyViewControllerTableViewController.m */,
				6FC3790923CF01B700681A44 /* CustomCell.h */,
				6FC3790A23CF01B700681A44 /* CustomCell.m */,
				6FC3790B23CF01B700681A44 /* CustomCell.xib */,
				6F4EF57B23CF152E003E3712 /* Cells */,
				6F07658C23CF308F00BCDAD7 /* UIView+UITableViewCell.h */,
				6F07658D23CF308F00BCDAD7 /* UIView+UITableViewCell.m */,
				6F77338323CE46270046D86B /* Main.storyboard */,
				6F77338623CE462D0046D86B /* Assets.xcassets */,
				6F77338823CE462D0046D86B /* LaunchScreen.storyboard */,
				6F77338B23CE462D0046D86B /* Info.plist */,
				6F77338C23CE462D0046D86B /* main.m */,
			);
			path = FileManagerTest;
			sourceTree = "<group>";
		};
/* End PBXGroup section */

/* Begin PBXNativeTarget section */
		6F77337623CE46270046D86B /* FileManagerTest */ = {
			isa = PBXNativeTarget;
			buildConfigurationList = 6F77339023CE462D0046D86B /* Build configuration list for PBXNativeTarget "FileManagerTest" */;
			buildPhases = (
				6F77337323CE46270046D86B /* Sources */,
				6F77337423CE46270046D86B /* Frameworks */,
				6F77337523CE46270046D86B /* Resources */,
			);
			buildRules = (
			);
			dependencies = (
			);
			name = FileManagerTest;
			productName = FileManagerTest;
			productReference = 6F77337723CE46270046D86B /* FileManagerTest.app */;
			productType = "com.apple.product-type.application";
		};
/* End PBXNativeTarget section */

/* Begin PBXProject section */
		6F77336F23CE46270046D86B /* Project object */ = {
			isa = PBXProject;
			attributes = {
				LastUpgradeCheck = 1130;
				ORGANIZATIONNAME = "Michael Sidoruk";
				TargetAttributes = {
					6F77337623CE46270046D86B = {
						CreatedOnToolsVersion = 11.3;
					};
				};
			};
			buildConfigurationList = 6F77337223CE46270046D86B /* Build configuration list for PBXProject "FileManagerTest" */;
			compatibilityVersion = "Xcode 9.3";
			developmentRegion = en;
			hasScannedForEncodings = 0;
			knownRegions = (
				en,
				Base,
			);
			mainGroup = 6F77336E23CE46270046D86B;
			productRefGroup = 6F77337823CE46270046D86B /* Products */;
			projectDirPath = "";
			projectRoot = "";
			targets = (
				6F77337623CE46270046D86B /* FileManagerTest */,
			);
		};
/* End PBXProject section */

/* Begin PBXResourcesBuildPhase section */
		6F77337523CE46270046D86B /* Resources */ = {
			isa = PBXResourcesBuildPhase;
			buildActionMask = 2147483647;
			files = (
				6F77338A23CE462D0046D86B /* LaunchScreen.storyboard in Resources */,
				6F77338723CE462D0046D86B /* Assets.xcassets in Resources */,
				6FC3790D23CF01B700681A44 /* CustomCell.xib in Resources */,
				6F77338523CE46270046D86B /* Main.storyboard in Resources */,
			);
			runOnlyForDeploymentPostprocessing = 0;
		};
/* End PBXResourcesBuildPhase section */

/* Begin PBXSourcesBuildPhase section */
		6F77337323CE46270046D86B /* Sources */ = {
			isa = PBXSourcesBuildPhase;
			buildActionMask = 2147483647;
			files = (
				6F07658E23CF308F00BCDAD7 /* UIView+UITableViewCell.m in Sources */,
				6F77338223CE46270046D86B /* ViewController.m in Sources */,
				6F4EF57A23CF152A003E3712 /* FileCell.m in Sources */,
				6FC3790823CEFF5500681A44 /* DummyViewControllerTableViewController.m in Sources */,
				6FC3790C23CF01B700681A44 /* CustomCell.m in Sources */,
				6F77337C23CE46270046D86B /* AppDelegate.m in Sources */,
				6F77338D23CE462D0046D86B /* main.m in Sources */,
				6F77337F23CE46270046D86B /* SceneDelegate.m in Sources */,
			);
			runOnlyForDeploymentPostprocessing = 0;
		};
/* End PBXSourcesBuildPhase section */

/* Begin PBXVariantGroup section */
		6F77338323CE46270046D86B /* Main.storyboard */ = {
			isa = PBXVariantGroup;
			children = (
				6F77338423CE46270046D86B /* Base */,
			);
			name = Main.storyboard;
			sourceTree = "<group>";
		};
		6F77338823CE462D0046D86B /* LaunchScreen.storyboard */ = {
			isa = PBXVariantGroup;
			children = (
				6F77338923CE462D0046D86B /* Base */,
			);
			name = LaunchScreen.storyboard;
			sourceTree = "<group>";
		};
/* End PBXVariantGroup section */

/* Begin XCBuildConfiguration section */
		6F77338E23CE462D0046D86B /* Debug */ = {
			isa = XCBuildConfiguration;
			buildSettings = {
				ALWAYS_SEARCH_USER_PATHS = NO;
				CLANG_ANALYZER_NONNULL = YES;
				CLANG_ANALYZER_NUMBER_OBJECT_CONVERSION = YES_AGGRESSIVE;
				CLANG_CXX_LANGUAGE_STANDARD = "gnu++14";
				CLANG_CXX_LIBRARY = "libc++";
				CLANG_ENABLE_MODULES = YES;
				CLANG_ENABLE_OBJC_ARC = YES;
				CLANG_ENABLE_OBJC_WEAK = YES;
				CLANG_WARN_BLOCK_CAPTURE_AUTORELEASING = YES;
				CLANG_WARN_BOOL_CONVERSION = YES;
				CLANG_WARN_COMMA = YES;
				CLANG_WARN_CONSTANT_CONVERSION = YES;
				CLANG_WARN_DEPRECATED_OBJC_IMPLEMENTATIONS = YES;
				CLANG_WARN_DIRECT_OBJC_ISA_USAGE = YES_ERROR;
				CLANG_WARN_DOCUMENTATION_COMMENTS = YES;
				CLANG_WARN_EMPTY_BODY = YES;
				CLANG_WARN_ENUM_CONVERSION = YES;
				CLANG_WARN_INFINITE_RECURSION = YES;
				CLANG_WARN_INT_CONVERSION = YES;
				CLANG_WARN_NON_LITERAL_NULL_CONVERSION = YES;
				CLANG_WARN_OBJC_IMPLICIT_RETAIN_SELF = YES;
				CLANG_WARN_OBJC_LITERAL_CONVERSION = YES;
				CLANG_WARN_OBJC_ROOT_CLASS = YES_ERROR;
				CLANG_WARN_RANGE_LOOP_ANALYSIS = YES;
				CLANG_WARN_STRICT_PROTOTYPES = YES;
				CLANG_WARN_SUSPICIOUS_MOVE = YES;
				CLANG_WARN_UNGUARDED_AVAILABILITY = YES_AGGRESSIVE;
				CLANG_WARN_UNREACHABLE_CODE = YES;
				CLANG_WARN__DUPLICATE_METHOD_MATCH = YES;
				COPY_PHASE_STRIP = NO;
				DEBUG_INFORMATION_FORMAT = dwarf;
				ENABLE_STRICT_OBJC_MSGSEND = YES;
				ENABLE_TESTABILITY = YES;
				GCC_C_LANGUAGE_STANDARD = gnu11;
				GCC_DYNAMIC_NO_PIC = NO;
				GCC_NO_COMMON_BLOCKS = YES;
				GCC_OPTIMIZATION_LEVEL = 0;
				GCC_PREPROCESSOR_DEFINITIONS = (
					"DEBUG=1",
					"$(inherited)",
				);
				GCC_WARN_64_TO_32_BIT_CONVERSION = YES;
				GCC_WARN_ABOUT_RETURN_TYPE = YES_ERROR;
				GCC_WARN_UNDECLARED_SELECTOR = YES;
				GCC_WARN_UNINITIALIZED_AUTOS = YES_AGGRESSIVE;
				GCC_WARN_UNUSED_FUNCTION = YES;
				GCC_WARN_UNUSED_VARIABLE = YES;
				IPHONEOS_DEPLOYMENT_TARGET = 13.2;
				MTL_ENABLE_DEBUG_INFO = INCLUDE_SOURCE;
				MTL_FAST_MATH = YES;
				ONLY_ACTIVE_ARCH = YES;
				SDKROOT = iphoneos;
			};
			name = Debug;
		};
		6F77338F23CE462D0046D86B /* Release */ = {
			isa = XCBuildConfiguration;
			buildSettings = {
				ALWAYS_SEARCH_USER_PATHS = NO;
				CLANG_ANALYZER_NONNULL = YES;
				CLANG_ANALYZER_NUMBER_OBJECT_CONVERSION = YES_AGGRESSIVE;
				CLANG_CXX_LANGUAGE_STANDARD = "gnu++14";
				CLANG_CXX_LIBRARY = "libc++";
				CLANG_ENABLE_MODULES = YES;
				CLANG_ENABLE_OBJC_ARC = YES;
				CLANG_ENABLE_OBJC_WEAK = YES;
				CLANG_WARN_BLOCK_CAPTURE_AUTORELEASING = YES;
				CLANG_WARN_BOOL_CONVERSION = YES;
				CLANG_WARN_COMMA = YES;
				CLANG_WARN_CONSTANT_CONVERSION = YES;
				CLANG_WARN_DEPRECATED_OBJC_IMPLEMENTATIONS = YES;
				CLANG_WARN_DIRECT_OBJC_ISA_USAGE = YES_ERROR;
				CLANG_WARN_DOCUMENTATION_COMMENTS = YES;
				CLANG_WARN_EMPTY_BODY = YES;
				CLANG_WARN_ENUM_CONVERSION = YES;
				CLANG_WARN_INFINITE_RECURSION = YES;
				CLANG_WARN_INT_CONVERSION = YES;
				CLANG_WARN_NON_LITERAL_NULL_CONVERSION = YES;
				CLANG_WARN_OBJC_IMPLICIT_RETAIN_SELF = YES;
				CLANG_WARN_OBJC_LITERAL_CONVERSION = YES;
				CLANG_WARN_OBJC_ROOT_CLASS = YES_ERROR;
				CLANG_WARN_RANGE_LOOP_ANALYSIS = YES;
				CLANG_WARN_STRICT_PROTOTYPES = YES;
				CLANG_WARN_SUSPICIOUS_MOVE = YES;
				CLANG_WARN_UNGUARDED_AVAILABILITY = YES_AGGRESSIVE;
				CLANG_WARN_UNREACHABLE_CODE = YES;
				CLANG_WARN__DUPLICATE_METHOD_MATCH = YES;
				COPY_PHASE_STRIP = NO;
				DEBUG_INFORMATION_FORMAT = "dwarf-with-dsym";
				ENABLE_NS_ASSERTIONS = NO;
				ENABLE_STRICT_OBJC_MSGSEND = YES;
				GCC_C_LANGUAGE_STANDARD = gnu11;
				GCC_NO_COMMON_BLOCKS = YES;
				GCC_WARN_64_TO_32_BIT_CONVERSION = YES;
				GCC_WARN_ABOUT_RETURN_TYPE = YES_ERROR;
				GCC_WARN_UNDECLARED_SELECTOR = YES;
				GCC_WARN_UNINITIALIZED_AUTOS = YES_AGGRESSIVE;
				GCC_WARN_UNUSED_FUNCTION = YES;
				GCC_WARN_UNUSED_VARIABLE = YES;
				IPHONEOS_DEPLOYMENT_TARGET = 13.2;
				MTL_ENABLE_DEBUG_INFO = NO;
				MTL_FAST_MATH = YES;
				SDKROOT = iphoneos;
				VALIDATE_PRODUCT = YES;
			};
			name = Release;
		};
		6F77339123CE462D0046D86B /* Debug */ = {
			isa = XCBuildConfiguration;
			buildSettings = {
				ASSETCATALOG_COMPILER_APPICON_NAME = AppIcon;
				CODE_SIGN_STYLE = Automatic;
				DEVELOPMENT_TEAM = A9D7992LUJ;
				INFOPLIST_FILE = FileManagerTest/Info.plist;
				LD_RUNPATH_SEARCH_PATHS = (
					"$(inherited)",
					"@executable_path/Frameworks",
				);
				PRODUCT_BUNDLE_IDENTIFIER = jujdu.FileManagerTest;
				PRODUCT_NAME = "$(TARGET_NAME)";
				TARGETED_DEVICE_FAMILY = "1,2";
			};
			name = Debug;
		};
		6F77339223CE462D0046D86B /* Release */ = {
			isa = XCBuildConfiguration;
			buildSettings = {
				ASSETCATALOG_COMPILER_APPICON_NAME = AppIcon;
				CODE_SIGN_STYLE = Automatic;
				DEVELOPMENT_TEAM = A9D7992LUJ;
				INFOPLIST_FILE = FileManagerTest/Info.plist;
				LD_RUNPATH_SEARCH_PATHS = (
					"$(inherited)",
					"@executable_path/Frameworks",
				);
				PRODUCT_BUNDLE_IDENTIFIER = jujdu.FileManagerTest;
				PRODUCT_NAME = "$(TARGET_NAME)";
				TARGETED_DEVICE_FAMILY = "1,2";
			};
			name = Release;
		};
/* End XCBuildConfiguration section */

/* Begin XCConfigurationList section */
		6F77337223CE46270046D86B /* Build configuration list for PBXProject "FileManagerTest" */ = {
			isa = XCConfigurationList;
			buildConfigurations = (
				6F77338E23CE462D0046D86B /* Debug */,
				6F77338F23CE462D0046D86B /* Release */,
			);
			defaultConfigurationIsVisible = 0;
			defaultConfigurationName = Release;
		};
		6F77339023CE462D0046D86B /* Build configuration list for PBXNativeTarget "FileManagerTest" */ = {
			isa = XCConfigurationList;
			buildConfigurations = (
				6F77339123CE462D0046D86B /* Debug */,
				6F77339223CE462D0046D86B /* Release */,
			);
			defaultConfigurationIsVisible = 0;
			defaultConfigurationName = Release;
		};
/* End XCConfigurationList section */
	};
	rootObject = 6F77336F23CE46270046D86B /* Project object */;
}
