// !$*UTF8*$!
{
	archiveVersion = 1;
	classes = {
	};
	objectVersion = 50;
	objects = {

/* Begin PBXBuildFile section */
		6F3E18BF23BB7D000098314F /* AppDelegate.m in Sources */ = {isa = PBXBuildFile; fileRef = 6F3E18BE23BB7D000098314F /* AppDelegate.m */; };
		6F3E18C223BB7D000098314F /* SceneDelegate.m in Sources */ = {isa = PBXBuildFile; fileRef = 6F3E18C123BB7D000098314F /* SceneDelegate.m */; };
		6F3E18CA23BB7D070098314F /* Assets.xcassets in Resources */ = {isa = PBXBuildFile; fileRef = 6F3E18C923BB7D070098314F /* Assets.xcassets */; };
		6F3E18CD23BB7D070098314F /* LaunchScreen.storyboard in Resources */ = {isa = PBXBuildFile; fileRef = 6F3E18CB23BB7D070098314F /* LaunchScreen.storyboard */; };
		6F3E18D023BB7D070098314F /* main.m in Sources */ = {isa = PBXBuildFile; fileRef = 6F3E18CF23BB7D070098314F /* main.m */; };
		6F3E18D823BB7E850098314F /* ASParentClass.m in Sources */ = {isa = PBXBuildFile; fileRef = 6F3E18D723BB7E850098314F /* ASParentClass.m */; };
		6F3E18DB23BB8E5C0098314F /* ASChildClass.m in Sources */ = {isa = PBXBuildFile; fileRef = 6F3E18DA23BB8E5C0098314F /* ASChildClass.m */; };
/* End PBXBuildFile section */

/* Begin PBXFileReference section */
		6F3E18BA23BB7D000098314F /* FuctionTest.app */ = {isa = PBXFileReference; explicitFileType = wrapper.application; includeInIndex = 0; path = FuctionTest.app; sourceTree = BUILT_PRODUCTS_DIR; };
		6F3E18BD23BB7D000098314F /* AppDelegate.h */ = {isa = PBXFileReference; lastKnownFileType = sourcecode.c.h; path = AppDelegate.h; sourceTree = "<group>"; };
		6F3E18BE23BB7D000098314F /* AppDelegate.m */ = {isa = PBXFileReference; lastKnownFileType = sourcecode.c.objc; path = AppDelegate.m; sourceTree = "<group>"; };
		6F3E18C023BB7D000098314F /* SceneDelegate.h */ = {isa = PBXFileReference; lastKnownFileType = sourcecode.c.h; path = SceneDelegate.h; sourceTree = "<group>"; };
		6F3E18C123BB7D000098314F /* SceneDelegate.m */ = {isa = PBXFileReference; lastKnownFileType = sourcecode.c.objc; path = SceneDelegate.m; sourceTree = "<group>"; };
		6F3E18C923BB7D070098314F /* Assets.xcassets */ = {isa = PBXFileReference; lastKnownFileType = folder.assetcatalog; path = Assets.xcassets; sourceTree = "<group>"; };
		6F3E18CC23BB7D070098314F /* Base */ = {isa = PBXFileReference; lastKnownFileType = file.storyboard; name = Base; path = Base.lproj/LaunchScreen.storyboard; sourceTree = "<group>"; };
		6F3E18CE23BB7D070098314F /* Info.plist */ = {isa = PBXFileReference; lastKnownFileType = text.plist.xml; path = Info.plist; sourceTree = "<group>"; };
		6F3E18CF23BB7D070098314F /* main.m */ = {isa = PBXFileReference; lastKnownFileType = sourcecode.c.objc; path = main.m; sourceTree = "<group>"; };
		6F3E18D623BB7E850098314F /* ASParentClass.h */ = {isa = PBXFileReference; lastKnownFileType = sourcecode.c.h; path = ASParentClass.h; sourceTree = "<group>"; };
		6F3E18D723BB7E850098314F /* ASParentClass.m */ = {isa = PBXFileReference; lastKnownFileType = sourcecode.c.objc; path = ASParentClass.m; sourceTree = "<group>"; };
		6F3E18D923BB8E5C0098314F /* ASChildClass.h */ = {isa = PBXFileReference; lastKnownFileType = sourcecode.c.h; path = ASChildClass.h; sourceTree = "<group>"; };
		6F3E18DA23BB8E5C0098314F /* ASChildClass.m */ = {isa = PBXFileReference; lastKnownFileType = sourcecode.c.objc; path = ASChildClass.m; sourceTree = "<group>"; };
/* End PBXFileReference section */

/* Begin PBXFrameworksBuildPhase section */
		6F3E18B723BB7D000098314F /* Frameworks */ = {
			isa = PBXFrameworksBuildPhase;
			buildActionMask = 2147483647;
			files = (
			);
			runOnlyForDeploymentPostprocessing = 0;
		};
/* End PBXFrameworksBuildPhase section */

/* Begin PBXGroup section */
		6F3E18B123BB7D000098314F = {
			isa = PBXGroup;
			children = (
				6F3E18BC23BB7D000098314F /* FuctionTest */,
				6F3E18BB23BB7D000098314F /* Products */,
			);
			sourceTree = "<group>";
		};
		6F3E18BB23BB7D000098314F /* Products */ = {
			isa = PBXGroup;
			children = (
				6F3E18BA23BB7D000098314F /* FuctionTest.app */,
			);
			name = Products;
			sourceTree = "<group>";
		};
		6F3E18BC23BB7D000098314F /* FuctionTest */ = {
			isa = PBXGroup;
			children = (
				6F3E18D623BB7E850098314F /* ASParentClass.h */,
				6F3E18D723BB7E850098314F /* ASParentClass.m */,
				6F3E18D923BB8E5C0098314F /* ASChildClass.h */,
				6F3E18DA23BB8E5C0098314F /* ASChildClass.m */,
				6F3E18BD23BB7D000098314F /* AppDelegate.h */,
				6F3E18BE23BB7D000098314F /* AppDelegate.m */,
				6F3E18C023BB7D000098314F /* SceneDelegate.h */,
				6F3E18C123BB7D000098314F /* SceneDelegate.m */,
				6F3E18C923BB7D070098314F /* Assets.xcassets */,
				6F3E18CB23BB7D070098314F /* LaunchScreen.storyboard */,
				6F3E18CE23BB7D070098314F /* Info.plist */,
				6F3E18CF23BB7D070098314F /* main.m */,
			);
			path = FuctionTest;
			sourceTree = "<group>";
		};
/* End PBXGroup section */

/* Begin PBXNativeTarget section */
		6F3E18B923BB7D000098314F /* FuctionTest */ = {
			isa = PBXNativeTarget;
			buildConfigurationList = 6F3E18D323BB7D070098314F /* Build configuration list for PBXNativeTarget "FuctionTest" */;
			buildPhases = (
				6F3E18B623BB7D000098314F /* Sources */,
				6F3E18B723BB7D000098314F /* Frameworks */,
				6F3E18B823BB7D000098314F /* Resources */,
			);
			buildRules = (
			);
			dependencies = (
			);
			name = FuctionTest;
			productName = FuctionTest;
			productReference = 6F3E18BA23BB7D000098314F /* FuctionTest.app */;
			productType = "com.apple.product-type.application";
		};
/* End PBXNativeTarget section */

/* Begin PBXProject section */
		6F3E18B223BB7D000098314F /* Project object */ = {
			isa = PBXProject;
			attributes = {
				LastUpgradeCheck = 1130;
				ORGANIZATIONNAME = "Michael Sidoruk";
				TargetAttributes = {
					6F3E18B923BB7D000098314F = {
						CreatedOnToolsVersion = 11.3;
					};
				};
			};
			buildConfigurationList = 6F3E18B523BB7D000098314F /* Build configuration list for PBXProject "FuctionTest" */;
			compatibilityVersion = "Xcode 9.3";
			developmentRegion = en;
			hasScannedForEncodings = 0;
			knownRegions = (
				en,
				Base,
			);
			mainGroup = 6F3E18B123BB7D000098314F;
			productRefGroup = 6F3E18BB23BB7D000098314F /* Products */;
			projectDirPath = "";
			projectRoot = "";
			targets = (
				6F3E18B923BB7D000098314F /* FuctionTest */,
			);
		};
/* End PBXProject section */

/* Begin PBXResourcesBuildPhase section */
		6F3E18B823BB7D000098314F /* Resources */ = {
			isa = PBXResourcesBuildPhase;
			buildActionMask = 2147483647;
			files = (
				6F3E18CD23BB7D070098314F /* LaunchScreen.storyboard in Resources */,
				6F3E18CA23BB7D070098314F /* Assets.xcassets in Resources */,
			);
			runOnlyForDeploymentPostprocessing = 0;
		};
/* End PBXResourcesBuildPhase section */

/* Begin PBXSourcesBuildPhase section */
		6F3E18B623BB7D000098314F /* Sources */ = {
			isa = PBXSourcesBuildPhase;
			buildActionMask = 2147483647;
			files = (
				6F3E18BF23BB7D000098314F /* AppDelegate.m in Sources */,
				6F3E18D023BB7D070098314F /* main.m in Sources */,
				6F3E18DB23BB8E5C0098314F /* ASChildClass.m in Sources */,
				6F3E18D823BB7E850098314F /* ASParentClass.m in Sources */,
				6F3E18C223BB7D000098314F /* SceneDelegate.m in Sources */,
			);
			runOnlyForDeploymentPostprocessing = 0;
		};
/* End PBXSourcesBuildPhase section */

/* Begin PBXVariantGroup section */
		6F3E18CB23BB7D070098314F /* LaunchScreen.storyboard */ = {
			isa = PBXVariantGroup;
			children = (
				6F3E18CC23BB7D070098314F /* Base */,
			);
			name = LaunchScreen.storyboard;
			sourceTree = "<group>";
		};
/* End PBXVariantGroup section */

/* Begin XCBuildConfiguration section */
		6F3E18D123BB7D070098314F /* Debug */ = {
			isa = XCBuildConfiguration;
			buildSettings = {
				ALWAYS_SEARCH_USER_PATHS = NO;
				CLANG_ANALYZER_NONNULL = YES;
				CLANG_ANALYZER_NUMBER_OBJECT_CONVERSION = YES_AGGRESSIVE;
				CLANG_CXX_LANGUAGE_STANDARD = "gnu++14";
				CLANG_CXX_LIBRARY = "libc++";
				CLANG_ENABLE_MODULES = YES;
				CLANG_ENABLE_OBJC_ARC = YES;
				CLANG_ENABLE_OBJC_WEAK = YES;
				CLANG_WARN_BLOCK_CAPTURE_AUTORELEASING = YES;
				CLANG_WARN_BOOL_CONVERSION = YES;
				CLANG_WARN_COMMA = YES;
				CLANG_WARN_CONSTANT_CONVERSION = YES;
				CLANG_WARN_DEPRECATED_OBJC_IMPLEMENTATIONS = YES;
				CLANG_WARN_DIRECT_OBJC_ISA_USAGE = YES_ERROR;
				CLANG_WARN_DOCUMENTATION_COMMENTS = YES;
				CLANG_WARN_EMPTY_BODY = YES;
				CLANG_WARN_ENUM_CONVERSION = YES;
				CLANG_WARN_INFINITE_RECURSION = YES;
				CLANG_WARN_INT_CONVERSION = YES;
				CLANG_WARN_NON_LITERAL_NULL_CONVERSION = YES;
				CLANG_WARN_OBJC_IMPLICIT_RETAIN_SELF = YES;
				CLANG_WARN_OBJC_LITERAL_CONVERSION = YES;
				CLANG_WARN_OBJC_ROOT_CLASS = YES_ERROR;
				CLANG_WARN_RANGE_LOOP_ANALYSIS = YES;
				CLANG_WARN_STRICT_PROTOTYPES = YES;
				CLANG_WARN_SUSPICIOUS_MOVE = YES;
				CLANG_WARN_UNGUARDED_AVAILABILITY = YES_AGGRESSIVE;
				CLANG_WARN_UNREACHABLE_CODE = YES;
				CLANG_WARN__DUPLICATE_METHOD_MATCH = YES;
				COPY_PHASE_STRIP = NO;
				DEBUG_INFORMATION_FORMAT = dwarf;
				ENABLE_STRICT_OBJC_MSGSEND = YES;
				ENABLE_TESTABILITY = YES;
				GCC_C_LANGUAGE_STANDARD = gnu11;
				GCC_DYNAMIC_NO_PIC = NO;
				GCC_NO_COMMON_BLOCKS = YES;
				GCC_OPTIMIZATION_LEVEL = 0;
				GCC_PREPROCESSOR_DEFINITIONS = (
					"DEBUG=1",
					"$(inherited)",
				);
				GCC_WARN_64_TO_32_BIT_CONVERSION = YES;
				GCC_WARN_ABOUT_RETURN_TYPE = YES_ERROR;
				GCC_WARN_UNDECLARED_SELECTOR = YES;
				GCC_WARN_UNINITIALIZED_AUTOS = YES_AGGRESSIVE;
				GCC_WARN_UNUSED_FUNCTION = YES;
				GCC_WARN_UNUSED_VARIABLE = YES;
				IPHONEOS_DEPLOYMENT_TARGET = 13.2;
				MTL_ENABLE_DEBUG_INFO = INCLUDE_SOURCE;
				MTL_FAST_MATH = YES;
				ONLY_ACTIVE_ARCH = YES;
				SDKROOT = iphoneos;
			};
			name = Debug;
		};
		6F3E18D223BB7D070098314F /* Release */ = {
			isa = XCBuildConfiguration;
			buildSettings = {
				ALWAYS_SEARCH_USER_PATHS = NO;
				CLANG_ANALYZER_NONNULL = YES;
				CLANG_ANALYZER_NUMBER_OBJECT_CONVERSION = YES_AGGRESSIVE;
				CLANG_CXX_LANGUAGE_STANDARD = "gnu++14";
				CLANG_CXX_LIBRARY = "libc++";
				CLANG_ENABLE_MODULES = YES;
				CLANG_ENABLE_OBJC_ARC = YES;
				CLANG_ENABLE_OBJC_WEAK = YES;
				CLANG_WARN_BLOCK_CAPTURE_AUTORELEASING = YES;
				CLANG_WARN_BOOL_CONVERSION = YES;
				CLANG_WARN_COMMA = YES;
				CLANG_WARN_CONSTANT_CONVERSION = YES;
				CLANG_WARN_DEPRECATED_OBJC_IMPLEMENTATIONS = YES;
				CLANG_WARN_DIRECT_OBJC_ISA_USAGE = YES_ERROR;
				CLANG_WARN_DOCUMENTATION_COMMENTS = YES;
				CLANG_WARN_EMPTY_BODY = YES;
				CLANG_WARN_ENUM_CONVERSION = YES;
				CLANG_WARN_INFINITE_RECURSION = YES;
				CLANG_WARN_INT_CONVERSION = YES;
				CLANG_WARN_NON_LITERAL_NULL_CONVERSION = YES;
				CLANG_WARN_OBJC_IMPLICIT_RETAIN_SELF = YES;
				CLANG_WARN_OBJC_LITERAL_CONVERSION = YES;
				CLANG_WARN_OBJC_ROOT_CLASS = YES_ERROR;
				CLANG_WARN_RANGE_LOOP_ANALYSIS = YES;
				CLANG_WARN_STRICT_PROTOTYPES = YES;
				CLANG_WARN_SUSPICIOUS_MOVE = YES;
				CLANG_WARN_UNGUARDED_AVAILABILITY = YES_AGGRESSIVE;
				CLANG_WARN_UNREACHABLE_CODE = YES;
				CLANG_WARN__DUPLICATE_METHOD_MATCH = YES;
				COPY_PHASE_STRIP = NO;
				DEBUG_INFORMATION_FORMAT = "dwarf-with-dsym";
				ENABLE_NS_ASSERTIONS = NO;
				ENABLE_STRICT_OBJC_MSGSEND = YES;
				GCC_C_LANGUAGE_STANDARD = gnu11;
				GCC_NO_COMMON_BLOCKS = YES;
				GCC_WARN_64_TO_32_BIT_CONVERSION = YES;
				GCC_WARN_ABOUT_RETURN_TYPE = YES_ERROR;
				GCC_WARN_UNDECLARED_SELECTOR = YES;
				GCC_WARN_UNINITIALIZED_AUTOS = YES_AGGRESSIVE;
				GCC_WARN_UNUSED_FUNCTION = YES;
				GCC_WARN_UNUSED_VARIABLE = YES;
				IPHONEOS_DEPLOYMENT_TARGET = 13.2;
				MTL_ENABLE_DEBUG_INFO = NO;
				MTL_FAST_MATH = YES;
				SDKROOT = iphoneos;
				VALIDATE_PRODUCT = YES;
			};
			name = Release;
		};
		6F3E18D423BB7D070098314F /* Debug */ = {
			isa = XCBuildConfiguration;
			buildSettings = {
				ASSETCATALOG_COMPILER_APPICON_NAME = AppIcon;
				CODE_SIGN_STYLE = Automatic;
				DEVELOPMENT_TEAM = A9D7992LUJ;
				INFOPLIST_FILE = FuctionTest/Info.plist;
				LD_RUNPATH_SEARCH_PATHS = (
					"$(inherited)",
					"@executable_path/Frameworks",
				);
				PRODUCT_BUNDLE_IDENTIFIER = jujdu.FuctionTest;
				PRODUCT_NAME = "$(TARGET_NAME)";
				TARGETED_DEVICE_FAMILY = "1,2";
			};
			name = Debug;
		};
		6F3E18D523BB7D070098314F /* Release */ = {
			isa = XCBuildConfiguration;
			buildSettings = {
				ASSETCATALOG_COMPILER_APPICON_NAME = AppIcon;
				CODE_SIGN_STYLE = Automatic;
				DEVELOPMENT_TEAM = A9D7992LUJ;
				INFOPLIST_FILE = FuctionTest/Info.plist;
				LD_RUNPATH_SEARCH_PATHS = (
					"$(inherited)",
					"@executable_path/Frameworks",
				);
				PRODUCT_BUNDLE_IDENTIFIER = jujdu.FuctionTest;
				PRODUCT_NAME = "$(TARGET_NAME)";
				TARGETED_DEVICE_FAMILY = "1,2";
			};
			name = Release;
		};
/* End XCBuildConfiguration section */

/* Begin XCConfigurationList section */
		6F3E18B523BB7D000098314F /* Build configuration list for PBXProject "FuctionTest" */ = {
			isa = XCConfigurationList;
			buildConfigurations = (
				6F3E18D123BB7D070098314F /* Debug */,
				6F3E18D223BB7D070098314F /* Release */,
			);
			defaultConfigurationIsVisible = 0;
			defaultConfigurationName = Release;
		};
		6F3E18D323BB7D070098314F /* Build configuration list for PBXNativeTarget "FuctionTest" */ = {
			isa = XCConfigurationList;
			buildConfigurations = (
				6F3E18D423BB7D070098314F /* Debug */,
				6F3E18D523BB7D070098314F /* Release */,
			);
			defaultConfigurationIsVisible = 0;
			defaultConfigurationName = Release;
		};
/* End XCConfigurationList section */
	};
	rootObject = 6F3E18B223BB7D000098314F /* Project object */;
}
