// !$*UTF8*$!
{
	archiveVersion = 1;
	classes = {
	};
	objectVersion = 50;
	objects = {

/* Begin PBXBuildFile section */
		6F796F3C23D0D1FD00650480 /* UIView+MKAnnotationView.m in Sources */ = {isa = PBXBuildFile; fileRef = 6F796F3B23D0D1FD00650480 /* UIView+MKAnnotationView.m */; };
		6FA552BA23D0393E0064699E /* AppDelegate.m in Sources */ = {isa = PBXBuildFile; fileRef = 6FA552B923D0393E0064699E /* AppDelegate.m */; };
		6FA552BD23D0393E0064699E /* SceneDelegate.m in Sources */ = {isa = PBXBuildFile; fileRef = 6FA552BC23D0393E0064699E /* SceneDelegate.m */; };
		6FA552C023D0393E0064699E /* ViewController.m in Sources */ = {isa = PBXBuildFile; fileRef = 6FA552BF23D0393E0064699E /* ViewController.m */; };
		6FA552C323D0393E0064699E /* Main.storyboard in Resources */ = {isa = PBXBuildFile; fileRef = 6FA552C123D0393E0064699E /* Main.storyboard */; };
		6FA552C523D039400064699E /* Assets.xcassets in Resources */ = {isa = PBXBuildFile; fileRef = 6FA552C423D039400064699E /* Assets.xcassets */; };
		6FA552C823D039400064699E /* LaunchScreen.storyboard in Resources */ = {isa = PBXBuildFile; fileRef = 6FA552C623D039400064699E /* LaunchScreen.storyboard */; };
		6FA552CB23D039400064699E /* main.m in Sources */ = {isa = PBXBuildFile; fileRef = 6FA552CA23D039400064699E /* main.m */; };
		6FA552D323D039CC0064699E /* MapKit.framework in Frameworks */ = {isa = PBXBuildFile; fileRef = 6FA552D223D039CC0064699E /* MapKit.framework */; };
		6FA552D623D056D30064699E /* MapAnnotation.m in Sources */ = {isa = PBXBuildFile; fileRef = 6FA552D523D056D30064699E /* MapAnnotation.m */; };
/* End PBXBuildFile section */

/* Begin PBXFileReference section */
		6F796F3A23D0D1FD00650480 /* UIView+MKAnnotationView.h */ = {isa = PBXFileReference; lastKnownFileType = sourcecode.c.h; path = "UIView+MKAnnotationView.h"; sourceTree = "<group>"; };
		6F796F3B23D0D1FD00650480 /* UIView+MKAnnotationView.m */ = {isa = PBXFileReference; lastKnownFileType = sourcecode.c.objc; path = "UIView+MKAnnotationView.m"; sourceTree = "<group>"; };
		6FA552B523D0393E0064699E /* MapTest.app */ = {isa = PBXFileReference; explicitFileType = wrapper.application; includeInIndex = 0; path = MapTest.app; sourceTree = BUILT_PRODUCTS_DIR; };
		6FA552B823D0393E0064699E /* AppDelegate.h */ = {isa = PBXFileReference; lastKnownFileType = sourcecode.c.h; path = AppDelegate.h; sourceTree = "<group>"; };
		6FA552B923D0393E0064699E /* AppDelegate.m */ = {isa = PBXFileReference; lastKnownFileType = sourcecode.c.objc; path = AppDelegate.m; sourceTree = "<group>"; };
		6FA552BB23D0393E0064699E /* SceneDelegate.h */ = {isa = PBXFileReference; lastKnownFileType = sourcecode.c.h; path = SceneDelegate.h; sourceTree = "<group>"; };
		6FA552BC23D0393E0064699E /* SceneDelegate.m */ = {isa = PBXFileReference; lastKnownFileType = sourcecode.c.objc; path = SceneDelegate.m; sourceTree = "<group>"; };
		6FA552BE23D0393E0064699E /* ViewController.h */ = {isa = PBXFileReference; lastKnownFileType = sourcecode.c.h; path = ViewController.h; sourceTree = "<group>"; };
		6FA552BF23D0393E0064699E /* ViewController.m */ = {isa = PBXFileReference; lastKnownFileType = sourcecode.c.objc; path = ViewController.m; sourceTree = "<group>"; };
		6FA552C223D0393E0064699E /* Base */ = {isa = PBXFileReference; lastKnownFileType = file.storyboard; name = Base; path = Base.lproj/Main.storyboard; sourceTree = "<group>"; };
		6FA552C423D039400064699E /* Assets.xcassets */ = {isa = PBXFileReference; lastKnownFileType = folder.assetcatalog; path = Assets.xcassets; sourceTree = "<group>"; };
		6FA552C723D039400064699E /* Base */ = {isa = PBXFileReference; lastKnownFileType = file.storyboard; name = Base; path = Base.lproj/LaunchScreen.storyboard; sourceTree = "<group>"; };
		6FA552C923D039400064699E /* Info.plist */ = {isa = PBXFileReference; lastKnownFileType = text.plist.xml; path = Info.plist; sourceTree = "<group>"; };
		6FA552CA23D039400064699E /* main.m */ = {isa = PBXFileReference; lastKnownFileType = sourcecode.c.objc; path = main.m; sourceTree = "<group>"; };
		6FA552D223D039CC0064699E /* MapKit.framework */ = {isa = PBXFileReference; lastKnownFileType = wrapper.framework; name = MapKit.framework; path = System/Library/Frameworks/MapKit.framework; sourceTree = SDKROOT; };
		6FA552D423D056D30064699E /* MapAnnotation.h */ = {isa = PBXFileReference; lastKnownFileType = sourcecode.c.h; path = MapAnnotation.h; sourceTree = "<group>"; };
		6FA552D523D056D30064699E /* MapAnnotation.m */ = {isa = PBXFileReference; lastKnownFileType = sourcecode.c.objc; path = MapAnnotation.m; sourceTree = "<group>"; };
/* End PBXFileReference section */

/* Begin PBXFrameworksBuildPhase section */
		6FA552B223D0393E0064699E /* Frameworks */ = {
			isa = PBXFrameworksBuildPhase;
			buildActionMask = 2147483647;
			files = (
				6FA552D323D039CC0064699E /* MapKit.framework in Frameworks */,
			);
			runOnlyForDeploymentPostprocessing = 0;
		};
/* End PBXFrameworksBuildPhase section */

/* Begin PBXGroup section */
		6FA552AC23D0393E0064699E = {
			isa = PBXGroup;
			children = (
				6FA552B723D0393E0064699E /* MapTest */,
				6FA552B623D0393E0064699E /* Products */,
				6FA552D123D039CC0064699E /* Frameworks */,
			);
			sourceTree = "<group>";
		};
		6FA552B623D0393E0064699E /* Products */ = {
			isa = PBXGroup;
			children = (
				6FA552B523D0393E0064699E /* MapTest.app */,
			);
			name = Products;
			sourceTree = "<group>";
		};
		6FA552B723D0393E0064699E /* MapTest */ = {
			isa = PBXGroup;
			children = (
				6FA552B823D0393E0064699E /* AppDelegate.h */,
				6FA552B923D0393E0064699E /* AppDelegate.m */,
				6FA552BB23D0393E0064699E /* SceneDelegate.h */,
				6F796F3A23D0D1FD00650480 /* UIView+MKAnnotationView.h */,
				6F796F3B23D0D1FD00650480 /* UIView+MKAnnotationView.m */,
				6FA552BC23D0393E0064699E /* SceneDelegate.m */,
				6FA552BE23D0393E0064699E /* ViewController.h */,
				6FA552BF23D0393E0064699E /* ViewController.m */,
				6FA552D423D056D30064699E /* MapAnnotation.h */,
				6FA552D523D056D30064699E /* MapAnnotation.m */,
				6FA552C123D0393E0064699E /* Main.storyboard */,
				6FA552C423D039400064699E /* Assets.xcassets */,
				6FA552C623D039400064699E /* LaunchScreen.storyboard */,
				6FA552C923D039400064699E /* Info.plist */,
				6FA552CA23D039400064699E /* main.m */,
			);
			path = MapTest;
			sourceTree = "<group>";
		};
		6FA552D123D039CC0064699E /* Frameworks */ = {
			isa = PBXGroup;
			children = (
				6FA552D223D039CC0064699E /* MapKit.framework */,
			);
			name = Frameworks;
			sourceTree = "<group>";
		};
/* End PBXGroup section */

/* Begin PBXNativeTarget section */
		6FA552B423D0393E0064699E /* MapTest */ = {
			isa = PBXNativeTarget;
			buildConfigurationList = 6FA552CE23D039400064699E /* Build configuration list for PBXNativeTarget "MapTest" */;
			buildPhases = (
				6FA552B123D0393E0064699E /* Sources */,
				6FA552B223D0393E0064699E /* Frameworks */,
				6FA552B323D0393E0064699E /* Resources */,
			);
			buildRules = (
			);
			dependencies = (
			);
			name = MapTest;
			productName = MapTest;
			productReference = 6FA552B523D0393E0064699E /* MapTest.app */;
			productType = "com.apple.product-type.application";
		};
/* End PBXNativeTarget section */

/* Begin PBXProject section */
		6FA552AD23D0393E0064699E /* Project object */ = {
			isa = PBXProject;
			attributes = {
				LastUpgradeCheck = 1130;
				ORGANIZATIONNAME = "Michael Sidoruk";
				TargetAttributes = {
					6FA552B423D0393E0064699E = {
						CreatedOnToolsVersion = 11.3;
					};
				};
			};
			buildConfigurationList = 6FA552B023D0393E0064699E /* Build configuration list for PBXProject "MapTest" */;
			compatibilityVersion = "Xcode 9.3";
			developmentRegion = en;
			hasScannedForEncodings = 0;
			knownRegions = (
				en,
				Base,
			);
			mainGroup = 6FA552AC23D0393E0064699E;
			productRefGroup = 6FA552B623D0393E0064699E /* Products */;
			projectDirPath = "";
			projectRoot = "";
			targets = (
				6FA552B423D0393E0064699E /* MapTest */,
			);
		};
/* End PBXProject section */

/* Begin PBXResourcesBuildPhase section */
		6FA552B323D0393E0064699E /* Resources */ = {
			isa = PBXResourcesBuildPhase;
			buildActionMask = 2147483647;
			files = (
				6FA552C823D039400064699E /* LaunchScreen.storyboard in Resources */,
				6FA552C523D039400064699E /* Assets.xcassets in Resources */,
				6FA552C323D0393E0064699E /* Main.storyboard in Resources */,
			);
			runOnlyForDeploymentPostprocessing = 0;
		};
/* End PBXResourcesBuildPhase section */

/* Begin PBXSourcesBuildPhase section */
		6FA552B123D0393E0064699E /* Sources */ = {
			isa = PBXSourcesBuildPhase;
			buildActionMask = 2147483647;
			files = (
				6FA552C023D0393E0064699E /* ViewController.m in Sources */,
				6FA552BA23D0393E0064699E /* AppDelegate.m in Sources */,
				6F796F3C23D0D1FD00650480 /* UIView+MKAnnotationView.m in Sources */,
				6FA552CB23D039400064699E /* main.m in Sources */,
				6FA552BD23D0393E0064699E /* SceneDelegate.m in Sources */,
				6FA552D623D056D30064699E /* MapAnnotation.m in Sources */,
			);
			runOnlyForDeploymentPostprocessing = 0;
		};
/* End PBXSourcesBuildPhase section */

/* Begin PBXVariantGroup section */
		6FA552C123D0393E0064699E /* Main.storyboard */ = {
			isa = PBXVariantGroup;
			children = (
				6FA552C223D0393E0064699E /* Base */,
			);
			name = Main.storyboard;
			sourceTree = "<group>";
		};
		6FA552C623D039400064699E /* LaunchScreen.storyboard */ = {
			isa = PBXVariantGroup;
			children = (
				6FA552C723D039400064699E /* Base */,
			);
			name = LaunchScreen.storyboard;
			sourceTree = "<group>";
		};
/* End PBXVariantGroup section */

/* Begin XCBuildConfiguration section */
		6FA552CC23D039400064699E /* Debug */ = {
			isa = XCBuildConfiguration;
			buildSettings = {
				ALWAYS_SEARCH_USER_PATHS = NO;
				CLANG_ANALYZER_NONNULL = YES;
				CLANG_ANALYZER_NUMBER_OBJECT_CONVERSION = YES_AGGRESSIVE;
				CLANG_CXX_LANGUAGE_STANDARD = "gnu++14";
				CLANG_CXX_LIBRARY = "libc++";
				CLANG_ENABLE_MODULES = YES;
				CLANG_ENABLE_OBJC_ARC = YES;
				CLANG_ENABLE_OBJC_WEAK = YES;
				CLANG_WARN_BLOCK_CAPTURE_AUTORELEASING = YES;
				CLANG_WARN_BOOL_CONVERSION = YES;
				CLANG_WARN_COMMA = YES;
				CLANG_WARN_CONSTANT_CONVERSION = YES;
				CLANG_WARN_DEPRECATED_OBJC_IMPLEMENTATIONS = YES;
				CLANG_WARN_DIRECT_OBJC_ISA_USAGE = YES_ERROR;
				CLANG_WARN_DOCUMENTATION_COMMENTS = YES;
				CLANG_WARN_EMPTY_BODY = YES;
				CLANG_WARN_ENUM_CONVERSION = YES;
				CLANG_WARN_INFINITE_RECURSION = YES;
				CLANG_WARN_INT_CONVERSION = YES;
				CLANG_WARN_NON_LITERAL_NULL_CONVERSION = YES;
				CLANG_WARN_OBJC_IMPLICIT_RETAIN_SELF = YES;
				CLANG_WARN_OBJC_LITERAL_CONVERSION = YES;
				CLANG_WARN_OBJC_ROOT_CLASS = YES_ERROR;
				CLANG_WARN_RANGE_LOOP_ANALYSIS = YES;
				CLANG_WARN_STRICT_PROTOTYPES = YES;
				CLANG_WARN_SUSPICIOUS_MOVE = YES;
				CLANG_WARN_UNGUARDED_AVAILABILITY = YES_AGGRESSIVE;
				CLANG_WARN_UNREACHABLE_CODE = YES;
				CLANG_WARN__DUPLICATE_METHOD_MATCH = YES;
				COPY_PHASE_STRIP = NO;
				DEBUG_INFORMATION_FORMAT = dwarf;
				ENABLE_STRICT_OBJC_MSGSEND = YES;
				ENABLE_TESTABILITY = YES;
				GCC_C_LANGUAGE_STANDARD = gnu11;
				GCC_DYNAMIC_NO_PIC = NO;
				GCC_NO_COMMON_BLOCKS = YES;
				GCC_OPTIMIZATION_LEVEL = 0;
				GCC_PREPROCESSOR_DEFINITIONS = (
					"DEBUG=1",
					"$(inherited)",
				);
				GCC_WARN_64_TO_32_BIT_CONVERSION = YES;
				GCC_WARN_ABOUT_RETURN_TYPE = YES_ERROR;
				GCC_WARN_UNDECLARED_SELECTOR = YES;
				GCC_WARN_UNINITIALIZED_AUTOS = YES_AGGRESSIVE;
				GCC_WARN_UNUSED_FUNCTION = YES;
				GCC_WARN_UNUSED_VARIABLE = YES;
				IPHONEOS_DEPLOYMENT_TARGET = 13.2;
				MTL_ENABLE_DEBUG_INFO = INCLUDE_SOURCE;
				MTL_FAST_MATH = YES;
				ONLY_ACTIVE_ARCH = YES;
				SDKROOT = iphoneos;
			};
			name = Debug;
		};
		6FA552CD23D039400064699E /* Release */ = {
			isa = XCBuildConfiguration;
			buildSettings = {
				ALWAYS_SEARCH_USER_PATHS = NO;
				CLANG_ANALYZER_NONNULL = YES;
				CLANG_ANALYZER_NUMBER_OBJECT_CONVERSION = YES_AGGRESSIVE;
				CLANG_CXX_LANGUAGE_STANDARD = "gnu++14";
				CLANG_CXX_LIBRARY = "libc++";
				CLANG_ENABLE_MODULES = YES;
				CLANG_ENABLE_OBJC_ARC = YES;
				CLANG_ENABLE_OBJC_WEAK = YES;
				CLANG_WARN_BLOCK_CAPTURE_AUTORELEASING = YES;
				CLANG_WARN_BOOL_CONVERSION = YES;
				CLANG_WARN_COMMA = YES;
				CLANG_WARN_CONSTANT_CONVERSION = YES;
				CLANG_WARN_DEPRECATED_OBJC_IMPLEMENTATIONS = YES;
				CLANG_WARN_DIRECT_OBJC_ISA_USAGE = YES_ERROR;
				CLANG_WARN_DOCUMENTATION_COMMENTS = YES;
				CLANG_WARN_EMPTY_BODY = YES;
				CLANG_WARN_ENUM_CONVERSION = YES;
				CLANG_WARN_INFINITE_RECURSION = YES;
				CLANG_WARN_INT_CONVERSION = YES;
				CLANG_WARN_NON_LITERAL_NULL_CONVERSION = YES;
				CLANG_WARN_OBJC_IMPLICIT_RETAIN_SELF = YES;
				CLANG_WARN_OBJC_LITERAL_CONVERSION = YES;
				CLANG_WARN_OBJC_ROOT_CLASS = YES_ERROR;
				CLANG_WARN_RANGE_LOOP_ANALYSIS = YES;
				CLANG_WARN_STRICT_PROTOTYPES = YES;
				CLANG_WARN_SUSPICIOUS_MOVE = YES;
				CLANG_WARN_UNGUARDED_AVAILABILITY = YES_AGGRESSIVE;
				CLANG_WARN_UNREACHABLE_CODE = YES;
				CLANG_WARN__DUPLICATE_METHOD_MATCH = YES;
				COPY_PHASE_STRIP = NO;
				DEBUG_INFORMATION_FORMAT = "dwarf-with-dsym";
				ENABLE_NS_ASSERTIONS = NO;
				ENABLE_STRICT_OBJC_MSGSEND = YES;
				GCC_C_LANGUAGE_STANDARD = gnu11;
				GCC_NO_COMMON_BLOCKS = YES;
				GCC_WARN_64_TO_32_BIT_CONVERSION = YES;
				GCC_WARN_ABOUT_RETURN_TYPE = YES_ERROR;
				GCC_WARN_UNDECLARED_SELECTOR = YES;
				GCC_WARN_UNINITIALIZED_AUTOS = YES_AGGRESSIVE;
				GCC_WARN_UNUSED_FUNCTION = YES;
				GCC_WARN_UNUSED_VARIABLE = YES;
				IPHONEOS_DEPLOYMENT_TARGET = 13.2;
				MTL_ENABLE_DEBUG_INFO = NO;
				MTL_FAST_MATH = YES;
				SDKROOT = iphoneos;
				VALIDATE_PRODUCT = YES;
			};
			name = Release;
		};
		6FA552CF23D039400064699E /* Debug */ = {
			isa = XCBuildConfiguration;
			buildSettings = {
				ASSETCATALOG_COMPILER_APPICON_NAME = AppIcon;
				CODE_SIGN_STYLE = Automatic;
				DEVELOPMENT_TEAM = A9D7992LUJ;
				INFOPLIST_FILE = MapTest/Info.plist;
				LD_RUNPATH_SEARCH_PATHS = (
					"$(inherited)",
					"@executable_path/Frameworks",
				);
				PRODUCT_BUNDLE_IDENTIFIER = jujdu.MapTest;
				PRODUCT_NAME = "$(TARGET_NAME)";
				TARGETED_DEVICE_FAMILY = "1,2";
			};
			name = Debug;
		};
		6FA552D023D039400064699E /* Release */ = {
			isa = XCBuildConfiguration;
			buildSettings = {
				ASSETCATALOG_COMPILER_APPICON_NAME = AppIcon;
				CODE_SIGN_STYLE = Automatic;
				DEVELOPMENT_TEAM = A9D7992LUJ;
				INFOPLIST_FILE = MapTest/Info.plist;
				LD_RUNPATH_SEARCH_PATHS = (
					"$(inherited)",
					"@executable_path/Frameworks",
				);
				PRODUCT_BUNDLE_IDENTIFIER = jujdu.MapTest;
				PRODUCT_NAME = "$(TARGET_NAME)";
				TARGETED_DEVICE_FAMILY = "1,2";
			};
			name = Release;
		};
/* End XCBuildConfiguration section */

/* Begin XCConfigurationList section */
		6FA552B023D0393E0064699E /* Build configuration list for PBXProject "MapTest" */ = {
			isa = XCConfigurationList;
			buildConfigurations = (
				6FA552CC23D039400064699E /* Debug */,
				6FA552CD23D039400064699E /* Release */,
			);
			defaultConfigurationIsVisible = 0;
			defaultConfigurationName = Release;
		};
		6FA552CE23D039400064699E /* Build configuration list for PBXNativeTarget "MapTest" */ = {
			isa = XCConfigurationList;
			buildConfigurations = (
				6FA552CF23D039400064699E /* Debug */,
				6FA552D023D039400064699E /* Release */,
			);
			defaultConfigurationIsVisible = 0;
			defaultConfigurationName = Release;
		};
/* End XCConfigurationList section */
	};
	rootObject = 6FA552AD23D0393E0064699E /* Project object */;
}
